{
  "lockfileVersion": 1,
  "workspaces": {
    "": {
      "name": "discourse-funscript-heatmap",
      "dependencies": {
        "@eroscripts/funlib": "link:@eroscripts/funlib",
      },
    },
  },
  "packages": {
    "@eroscripts/funlib": ["@eroscripts/funlib@link:@eroscripts/funlib", {}],
  }
}
